
Microsoft Visual Studio Solution File, Format Version 12.00
# Visual Studio Version 16
VisualStudioVersion = 16.0.30804.86
MinimumVisualStudioVersion = 10.0.40219.1
Project("{8BC9CEB8-8B4A-11D0-8D11-00A0C91BC942}") = "Map", "Map\Map.vcxproj", "{C6957E22-86B6-4CF0-94AA-B3516FE9036D}"
EndProject
Global
	GlobalSection(SolutionConfigurationPlatforms) = preSolution
		Debug|x64 = Debug|x64
		Debug|x86 = Debug|x86
		Release|x64 = Release|x64
		Release|x86 = Release|x86
	EndGlobalSection
	GlobalSection(ProjectConfigurationPlatforms) = postSolution
		{C6957E22-86B6-4CF0-94AA-B3516FE9036D}.Debug|x64.ActiveCfg = Debug|x64
		{C6957E22-86B6-4CF0-94AA-B3516FE9036D}.Debug|x64.Build.0 = Debug|x64
		{C6957E22-86B6-4CF0-94AA-B3516FE9036D}.Debug|x86.ActiveCfg = Debug|Win32
		{C6957E22-86B6-4CF0-94AA-B3516FE9036D}.Debug|x86.Build.0 = Debug|Win32
		{C6957E22-86B6-4CF0-94AA-B3516FE9036D}.Release|x64.ActiveCfg = Release|x64
		{C6957E22-86B6-4CF0-94AA-B3516FE9036D}.Release|x64.Build.0 = Release|x64
		{C6957E22-86B6-4CF0-94AA-B3516FE9036D}.Release|x86.ActiveCfg = Release|Win32
		{C6957E22-86B6-4CF0-94AA-B3516FE9036D}.Release|x86.Build.0 = Release|Win32
	EndGlobalSection
	GlobalSection(SolutionProperties) = preSolution
		HideSolutionNode = FALSE
	EndGlobalSection
	GlobalSection(ExtensibilityGlobals) = postSolution
		SolutionGuid = {084F426D-9EA5-484F-BB88-903D3185D057}
	EndGlobalSection
EndGlobal
